
Microsoft Visual Studio Solution File, Format Version 12.00
# Visual Studio 2017
Project("{FAE04EC0-301F-11D3-BF4B-00C04F79EFBC}") = "IntroMecanim", "IntroMecanim.csproj", "{EA0E5C32-8CBB-E4FA-88B7-2DC1B35DB0B8}"
EndProject
Global
	GlobalSection(SolutionConfigurationPlatforms) = preSolution
		Debug|Any CPU = Debug|Any CPU
		Release|Any CPU = Release|Any CPU
	EndGlobalSection
	GlobalSection(ProjectConfigurationPlatforms) = postSolution
		{EA0E5C32-8CBB-E4FA-88B7-2DC1B35DB0B8}.Debug|Any CPU.ActiveCfg = Debug|Any CPU
		{EA0E5C32-8CBB-E4FA-88B7-2DC1B35DB0B8}.Debug|Any CPU.Build.0 = Debug|Any CPU
		{EA0E5C32-8CBB-E4FA-88B7-2DC1B35DB0B8}.Release|Any CPU.ActiveCfg = Release|Any CPU
		{EA0E5C32-8CBB-E4FA-88B7-2DC1B35DB0B8}.Release|Any CPU.Build.0 = Release|Any CPU
	EndGlobalSection
	GlobalSection(SolutionProperties) = preSolution
		HideSolutionNode = FALSE
	EndGlobalSection
EndGlobal
